Microsoft Visual Studio Solution File, Format Version 12.00
# Visual Studio Version 17
VisualStudioVersion = 17.5.2.0
MinimumVisualStudioVersion = 10.0.40219.1
Project("{2150E333-8FDC-42A3-9474-1A3956D46DE8}") = "aula3", "aula3", "{124A66F8-B03F-038D-F100-32606A0F6F0F}"
EndProject
Project("{FAE04EC0-301F-11D3-BF4B-00C04F79EFBC}") = "HelloGitHub", "aula3\HelloGitHub\HelloGitHub.csproj", "{C704CE2F-1A93-67AC-A683-19BF8D77F083}"
EndProject
Project("{2150E333-8FDC-42A3-9474-1A3956D46DE8}") = "aula7", "aula7", "{7A449443-67DC-4D9B-9F98-FB0D4AF8CCA2}"
EndProject
Project("{FAE04EC0-301F-11D3-BF4B-00C04F79EFBC}") = "ex2", "aula7\ex2\ex2.csproj", "{D8357C34-4B64-44A0-ACD7-5F264F4BBD6C}"
EndProject
Global
	GlobalSection(SolutionConfigurationPlatforms) = preSolution
		Debug|Any CPU = Debug|Any CPU
		Release|Any CPU = Release|Any CPU
	EndGlobalSection
	GlobalSection(ProjectConfigurationPlatforms) = postSolution
		{C704CE2F-1A93-67AC-A683-19BF8D77F083}.Debug|Any CPU.ActiveCfg = Debug|Any CPU
		{C704CE2F-1A93-67AC-A683-19BF8D77F083}.Debug|Any CPU.Build.0 = Debug|Any CPU
		{C704CE2F-1A93-67AC-A683-19BF8D77F083}.Release|Any CPU.ActiveCfg = Release|Any CPU
		{C704CE2F-1A93-67AC-A683-19BF8D77F083}.Release|Any CPU.Build.0 = Release|Any CPU
		{D8357C34-4B64-44A0-ACD7-5F264F4BBD6C}.Debug|Any CPU.ActiveCfg = Debug|Any CPU
		{D8357C34-4B64-44A0-ACD7-5F264F4BBD6C}.Debug|Any CPU.Build.0 = Debug|Any CPU
		{D8357C34-4B64-44A0-ACD7-5F264F4BBD6C}.Release|Any CPU.ActiveCfg = Release|Any CPU
		{D8357C34-4B64-44A0-ACD7-5F264F4BBD6C}.Release|Any CPU.Build.0 = Release|Any CPU
	EndGlobalSection
	GlobalSection(SolutionProperties) = preSolution
		HideSolutionNode = FALSE
	EndGlobalSection
	GlobalSection(NestedProjects) = preSolution
		{C704CE2F-1A93-67AC-A683-19BF8D77F083} = {124A66F8-B03F-038D-F100-32606A0F6F0F}
		{D8357C34-4B64-44A0-ACD7-5F264F4BBD6C} = {7A449443-67DC-4D9B-9F98-FB0D4AF8CCA2}
	EndGlobalSection
	GlobalSection(ExtensibilityGlobals) = postSolution
		SolutionGuid = {9AC9472B-8ECE-4E4E-9D34-DCA9F29BF155}
	EndGlobalSection
EndGlobal
